<?xml version="1.0" encoding="utf-8"?>
<Project ToolsVersion="4.0" xmlns="http://schemas.microsoft.com/developer/msbuild/2003">
  <ItemGroup>
    <None Include="compile.bat" />
    <None Include="simple_shader.frag" />
    <None Include="simple_shader.frag.spv" />
    <None Include="simple_shader.vert" />
    <None Include="..\..\VulkanPart19\VulkanPart19\simple_shader.vert.spv" />
    <None Include="point_light.vert" />
    <None Include="point_light.frag" />
  </ItemGroup>
  <ItemGroup>
    <Filter Include="Header Files">
      <UniqueIdentifier>{397bc6e6-c5c7-4e2a-ac76-b1eeea5b3cf4}</UniqueIdentifier>
    </Filter>
    <Filter Include="Source Files">
      <UniqueIdentifier>{7f62ad62-3480-4029-8e05-cdd5ec57513b}</UniqueIdentifier>
    </Filter>
    <Filter Include="Libs">
      <UniqueIdentifier>{414a91b0-ea59-457f-9b4c-46ad12e78f2b}</UniqueIdentifier>
    </Filter>
    <Filter Include="Libs\tinyobjloader">
      <UniqueIdentifier>{cd1db518-f6e7-4271-a4bd-80ba0b303995}</UniqueIdentifier>
    </Filter>
  </ItemGroup>
  <ItemGroup>
    <ClInclude Include="first_app.hpp">
      <Filter>Header Files</Filter>
    </ClInclude>
    <ClInclude Include="lve_device.hpp">
      <Filter>Header Files</Filter>
    </ClInclude>
    <ClInclude Include="lve_game_object.hpp">
      <Filter>Header Files</Filter>
    </ClInclude>
    <ClInclude Include="lve_model.hpp">
      <Filter>Header Files</Filter>
    </ClInclude>
    <ClInclude Include="lve_pipeline.hpp">
      <Filter>Header Files</Filter>
    </ClInclude>
    <ClInclude Include="lve_renderer.hpp">
      <Filter>Header Files</Filter>
    </ClInclude>
    <ClInclude Include="lve_swap_chain.hpp">
      <Filter>Header Files</Filter>
    </ClInclude>
    <ClInclude Include="lve_window.hpp">
      <Filter>Header Files</Filter>
    </ClInclude>
    <ClInclude Include="simple_render_system.hpp">
      <Filter>Header Files</Filter>
    </ClInclude>
    <ClInclude Include="lve_camera.hpp">
      <Filter>Header Files</Filter>
    </ClInclude>
    <ClInclude Include="keyboard_movement_controller.hpp">
      <Filter>Header Files</Filter>
    </ClInclude>
    <ClInclude Include="tiny_obj_loader.h">
      <Filter>Libs\tinyobjloader</Filter>
    </ClInclude>
    <ClInclude Include="lve_utils.hpp">
      <Filter>Header Files</Filter>
    </ClInclude>
    <ClInclude Include="lve_frame_info.hpp">
      <Filter>Header Files</Filter>
    </ClInclude>
    <ClInclude Include="lve_buffer.hpp">
      <Filter>Header Files</Filter>
    </ClInclude>
    <ClInclude Include="lve_descriptors.hpp">
      <Filter>Header Files</Filter>
    </ClInclude>
    <ClInclude Include="point_light_system.hpp">
      <Filter>Header Files</Filter>
    </ClInclude>
    <ClInclude Include="lve_animation.hpp">
      <Filter>Header Files</Filter>
    </ClInclude>
    <ClInclude Include="lve_keyframe.h">
      <Filter>Header Files</Filter>
    </ClInclude>
  </ItemGroup>
  <ItemGroup>
    <ClCompile Include="first_app.cpp">
      <Filter>Source Files</Filter>
    </ClCompile>
    <ClCompile Include="lve_device.cpp">
      <Filter>Source Files</Filter>
    </ClCompile>
    <ClCompile Include="lve_model.cpp">
      <Filter>Source Files</Filter>
    </ClCompile>
    <ClCompile Include="lve_pipeline.cpp">
      <Filter>Source Files</Filter>
    </ClCompile>
    <ClCompile Include="lve_renderer.cpp">
      <Filter>Source Files</Filter>
    </ClCompile>
    <ClCompile Include="lve_swap_chain.cpp">
      <Filter>Source Files</Filter>
    </ClCompile>
    <ClCompile Include="lve_window.cpp">
      <Filter>Source Files</Filter>
    </ClCompile>
    <ClCompile Include="main.cpp">
      <Filter>Source Files</Filter>
    </ClCompile>
    <ClCompile Include="simple_render_system.cpp">
      <Filter>Source Files</Filter>
    </ClCompile>
    <ClCompile Include="lve_camera.cpp">
      <Filter>Source Files</Filter>
    </ClCompile>
    <ClCompile Include="keyboard_movement_controller.cpp">
      <Filter>Source Files</Filter>
    </ClCompile>
    <ClCompile Include="lve_game_object.cpp">
      <Filter>Source Files</Filter>
    </ClCompile>
    <ClCompile Include="lve_buffer.cpp">
      <Filter>Source Files</Filter>
    </ClCompile>
    <ClCompile Include="lve_descriptors.cpp">
      <Filter>Source Files</Filter>
    </ClCompile>
    <ClCompile Include="point_light_system.cpp">
      <Filter>Source Files</Filter>
    </ClCompile>
    <ClCompile Include="lve_animation.cpp">
      <Filter>Source Files</Filter>
    </ClCompile>
  </ItemGroup>
</Project>